
Microsoft Visual Studio Solution File, Format Version 12.00
# Visual Studio Version 16
VisualStudioVersion = 16.0.29230.47
MinimumVisualStudioVersion = 10.0.40219.1
Project("{9A19103F-16F7-4668-BE54-9A1E7A4F7556}") = "Project2", "DanielBishop_CSCI3110_Project2_ProjectManager\Project2.csproj", "{FD610399-9275-418D-A35D-450C99F59B30}"
EndProject
Global
	GlobalSection(SolutionConfigurationPlatforms) = preSolution
		Debug|Any CPU = Debug|Any CPU
		Release|Any CPU = Release|Any CPU
	EndGlobalSection
	GlobalSection(ProjectConfigurationPlatforms) = postSolution
		{FD610399-9275-418D-A35D-450C99F59B30}.Debug|Any CPU.ActiveCfg = Debug|Any CPU
		{FD610399-9275-418D-A35D-450C99F59B30}.Debug|Any CPU.Build.0 = Debug|Any CPU
		{FD610399-9275-418D-A35D-450C99F59B30}.Release|Any CPU.ActiveCfg = Release|Any CPU
		{FD610399-9275-418D-A35D-450C99F59B30}.Release|Any CPU.Build.0 = Release|Any CPU
	EndGlobalSection
	GlobalSection(SolutionProperties) = preSolution
		HideSolutionNode = FALSE
	EndGlobalSection
	GlobalSection(ExtensibilityGlobals) = postSolution
		SolutionGuid = {D20834E3-3EB0-4DBA-9942-8D2C8EE8A367}
	EndGlobalSection
EndGlobal
